
Microsoft Visual Studio Solution File, Format Version 12.00
# Visual Studio Version 17
VisualStudioVersion = 17.11.35219.272
MinimumVisualStudioVersion = 10.0.40219.1
Project("{FAE04EC0-301F-11D3-BF4B-00C04F79EFBC}") = "PrimerProyecto", "PrimerProyecto\PrimerProyecto.csproj", "{24B4D99B-461A-48E1-BB8E-9C87FFC565D1}"
EndProject
Global
	GlobalSection(SolutionConfigurationPlatforms) = preSolution
		Debug|Any CPU = Debug|Any CPU
		Release|Any CPU = Release|Any CPU
	EndGlobalSection
	GlobalSection(ProjectConfigurationPlatforms) = postSolution
		{24B4D99B-461A-48E1-BB8E-9C87FFC565D1}.Debug|Any CPU.ActiveCfg = Debug|Any CPU
		{24B4D99B-461A-48E1-BB8E-9C87FFC565D1}.Debug|Any CPU.Build.0 = Debug|Any CPU
		{24B4D99B-461A-48E1-BB8E-9C87FFC565D1}.Release|Any CPU.ActiveCfg = Release|Any CPU
		{24B4D99B-461A-48E1-BB8E-9C87FFC565D1}.Release|Any CPU.Build.0 = Release|Any CPU
	EndGlobalSection
	GlobalSection(SolutionProperties) = preSolution
		HideSolutionNode = FALSE
	EndGlobalSection
	GlobalSection(ExtensibilityGlobals) = postSolution
		SolutionGuid = {1156ACC1-8919-4FD4-9995-155B578D6A59}
	EndGlobalSection
EndGlobal
